// !$*UTF8*$!
{
	archiveVersion = 1;
	classes = {
	};
	objectVersion = 46;
	objects = {

/* Begin PBXBuildFile section */
		3C1D331A1F1FF0210084493C /* CorrectAnswerViewController.swift in Sources */ = {isa = PBXBuildFile; fileRef = 3C1D33191F1FF0210084493C /* CorrectAnswerViewController.swift */; };
		3C1D331C1F1FF0740084493C /* WrongAnswerViewController.swift in Sources */ = {isa = PBXBuildFile; fileRef = 3C1D331B1F1FF0740084493C /* WrongAnswerViewController.swift */; };
		3C2071721F277E0C003A04AA /* ScalesPracticeViewController.storyboard in Resources */ = {isa = PBXBuildFile; fileRef = 3C2071711F277E0C003A04AA /* ScalesPracticeViewController.storyboard */; };
		3C21E8001F1C4FF400FF3164 /* NoteCardItem.swift in Sources */ = {isa = PBXBuildFile; fileRef = 3C21E7FF1F1C4FF400FF3164 /* NoteCardItem.swift */; };
		3C2957E31F1EA28D00D547B3 /* CountdownViewController.swift in Sources */ = {isa = PBXBuildFile; fileRef = 3C2957E21F1EA28D00D547B3 /* CountdownViewController.swift */; };
		3C2957E71F1EA82B00D547B3 /* Challenge.storyboard in Resources */ = {isa = PBXBuildFile; fileRef = 3C2957E61F1EA82B00D547B3 /* Challenge.storyboard */; };
		3C2B104D1F26A59400D52CB0 /* a-flat.m4a in Resources */ = {isa = PBXBuildFile; fileRef = 3C2B10281F26A59400D52CB0 /* a-flat.m4a */; };
		3C2B104E1F26A59400D52CB0 /* a.m4a in Resources */ = {isa = PBXBuildFile; fileRef = 3C2B10291F26A59400D52CB0 /* a.m4a */; };
		3C2B104F1F26A59400D52CB0 /* b-flat.m4a in Resources */ = {isa = PBXBuildFile; fileRef = 3C2B102A1F26A59400D52CB0 /* b-flat.m4a */; };
		3C2B10501F26A59400D52CB0 /* b.m4a in Resources */ = {isa = PBXBuildFile; fileRef = 3C2B102B1F26A59400D52CB0 /* b.m4a */; };
		3C2B10511F26A59400D52CB0 /* c-sharp.m4a in Resources */ = {isa = PBXBuildFile; fileRef = 3C2B102C1F26A59400D52CB0 /* c-sharp.m4a */; };
		3C2B10521F26A59400D52CB0 /* d.m4a in Resources */ = {isa = PBXBuildFile; fileRef = 3C2B102D1F26A59400D52CB0 /* d.m4a */; };
		3C2B10531F26A59400D52CB0 /* e-flat.m4a in Resources */ = {isa = PBXBuildFile; fileRef = 3C2B102E1F26A59400D52CB0 /* e-flat.m4a */; };
		3C2B10541F26A59400D52CB0 /* e.m4a in Resources */ = {isa = PBXBuildFile; fileRef = 3C2B102F1F26A59400D52CB0 /* e.m4a */; };
		3C2B10551F26A59400D52CB0 /* f-sharp.m4a in Resources */ = {isa = PBXBuildFile; fileRef = 3C2B10301F26A59400D52CB0 /* f-sharp.m4a */; };
		3C2B10561F26A59400D52CB0 /* f.m4a in Resources */ = {isa = PBXBuildFile; fileRef = 3C2B10311F26A59400D52CB0 /* f.m4a */; };
		3C2B10571F26A59400D52CB0 /* g.m4a in Resources */ = {isa = PBXBuildFile; fileRef = 3C2B10321F26A59400D52CB0 /* g.m4a */; };
		3C2B10581F26A59400D52CB0 /* high-a-flat.m4a in Resources */ = {isa = PBXBuildFile; fileRef = 3C2B10331F26A59400D52CB0 /* high-a-flat.m4a */; };
		3C2B10591F26A59400D52CB0 /* high-a.m4a in Resources */ = {isa = PBXBuildFile; fileRef = 3C2B10341F26A59400D52CB0 /* high-a.m4a */; };
		3C2B105A1F26A59400D52CB0 /* high-b-flat.m4a in Resources */ = {isa = PBXBuildFile; fileRef = 3C2B10351F26A59400D52CB0 /* high-b-flat.m4a */; };
		3C2B105B1F26A59400D52CB0 /* high-b.m4a in Resources */ = {isa = PBXBuildFile; fileRef = 3C2B10361F26A59400D52CB0 /* high-b.m4a */; };
		3C2B105C1F26A59400D52CB0 /* high-c-sharp.m4a in Resources */ = {isa = PBXBuildFile; fileRef = 3C2B10371F26A59400D52CB0 /* high-c-sharp.m4a */; };
		3C2B105D1F26A59400D52CB0 /* high-c.m4a in Resources */ = {isa = PBXBuildFile; fileRef = 3C2B10381F26A59400D52CB0 /* high-c.m4a */; };
		3C2B105E1F26A59400D52CB0 /* high-d.m4a in Resources */ = {isa = PBXBuildFile; fileRef = 3C2B10391F26A59400D52CB0 /* high-d.m4a */; };
		3C2B105F1F26A59400D52CB0 /* high-e-flat.m4a in Resources */ = {isa = PBXBuildFile; fileRef = 3C2B103A1F26A59400D52CB0 /* high-e-flat.m4a */; };
		3C2B10601F26A59400D52CB0 /* high-e.m4a in Resources */ = {isa = PBXBuildFile; fileRef = 3C2B103B1F26A59400D52CB0 /* high-e.m4a */; };
		3C2B10611F26A59400D52CB0 /* high-f-sharp.m4a in Resources */ = {isa = PBXBuildFile; fileRef = 3C2B103C1F26A59400D52CB0 /* high-f-sharp.m4a */; };
		3C2B10621F26A59400D52CB0 /* high-f.m4a in Resources */ = {isa = PBXBuildFile; fileRef = 3C2B103D1F26A59400D52CB0 /* high-f.m4a */; };
		3C2B10631F26A59400D52CB0 /* high-g.m4a in Resources */ = {isa = PBXBuildFile; fileRef = 3C2B103E1F26A59400D52CB0 /* high-g.m4a */; };
		3C2B10641F26A59400D52CB0 /* middle-c.m4a in Resources */ = {isa = PBXBuildFile; fileRef = 3C2B103F1F26A59400D52CB0 /* middle-c.m4a */; };
		3C2B10651F26A59400D52CB0 /* short-a-flat.m4a in Resources */ = {isa = PBXBuildFile; fileRef = 3C2B10401F26A59400D52CB0 /* short-a-flat.m4a */; };
		3C2B10661F26A59400D52CB0 /* short-a.m4a in Resources */ = {isa = PBXBuildFile; fileRef = 3C2B10411F26A59400D52CB0 /* short-a.m4a */; };
		3C2B10671F26A59400D52CB0 /* short-b-flat.m4a in Resources */ = {isa = PBXBuildFile; fileRef = 3C2B10421F26A59400D52CB0 /* short-b-flat.m4a */; };
		3C2B10681F26A59400D52CB0 /* short-b.m4a in Resources */ = {isa = PBXBuildFile; fileRef = 3C2B10431F26A59400D52CB0 /* short-b.m4a */; };
		3C2B10691F26A59400D52CB0 /* short-c-sharp.m4a in Resources */ = {isa = PBXBuildFile; fileRef = 3C2B10441F26A59400D52CB0 /* short-c-sharp.m4a */; };
		3C2B106A1F26A59400D52CB0 /* short-d.m4a in Resources */ = {isa = PBXBuildFile; fileRef = 3C2B10451F26A59400D52CB0 /* short-d.m4a */; };
		3C2B106B1F26A59400D52CB0 /* short-e-flat.m4a in Resources */ = {isa = PBXBuildFile; fileRef = 3C2B10461F26A59400D52CB0 /* short-e-flat.m4a */; };
		3C2B106C1F26A59400D52CB0 /* short-e.m4a in Resources */ = {isa = PBXBuildFile; fileRef = 3C2B10471F26A59400D52CB0 /* short-e.m4a */; };
		3C2B106D1F26A59400D52CB0 /* short-f-sharp.m4a in Resources */ = {isa = PBXBuildFile; fileRef = 3C2B10481F26A59400D52CB0 /* short-f-sharp.m4a */; };
		3C2B106E1F26A59400D52CB0 /* short-f.m4a in Resources */ = {isa = PBXBuildFile; fileRef = 3C2B10491F26A59400D52CB0 /* short-f.m4a */; };
		3C2B106F1F26A59400D52CB0 /* short-g.m4a in Resources */ = {isa = PBXBuildFile; fileRef = 3C2B104A1F26A59400D52CB0 /* short-g.m4a */; };
		3C2B10701F26A59400D52CB0 /* short-high-c.m4a in Resources */ = {isa = PBXBuildFile; fileRef = 3C2B104B1F26A59400D52CB0 /* short-high-c.m4a */; };
		3C2B10711F26A59400D52CB0 /* short-middle-c.m4a in Resources */ = {isa = PBXBuildFile; fileRef = 3C2B104C1F26A59400D52CB0 /* short-middle-c.m4a */; };
		3C3AA2A21F1E64EF00EF7316 /* PlaySounds.storyboard in Resources */ = {isa = PBXBuildFile; fileRef = 3C3AA2A11F1E64EF00EF7316 /* PlaySounds.storyboard */; };
		3C3AA2A61F1E8D4B00EF7316 /* AnswerButtons.swift in Sources */ = {isa = PBXBuildFile; fileRef = 3C3AA2A51F1E8D4B00EF7316 /* AnswerButtons.swift */; };
		3C3AA2A81F1E921A00EF7316 /* ChallengeViewController.swift in Sources */ = {isa = PBXBuildFile; fileRef = 3C3AA2A71F1E921A00EF7316 /* ChallengeViewController.swift */; };
		3C55C5E31F1908D4004FED66 /* CourseSelectionTableViewController.swift in Sources */ = {isa = PBXBuildFile; fileRef = 3C55C5E21F1908D4004FED66 /* CourseSelectionTableViewController.swift */; };
		3C55C5E51F1911C6004FED66 /* PlaySoundViewController.swift in Sources */ = {isa = PBXBuildFile; fileRef = 3C55C5E41F1911C6004FED66 /* PlaySoundViewController.swift */; };
		3C55C5EA1F1912F4004FED66 /* NoteCollectionViewCell.xib in Resources */ = {isa = PBXBuildFile; fileRef = 3C55C5E91F1912F4004FED66 /* NoteCollectionViewCell.xib */; };
		3C55C5EC1F19130F004FED66 /* NoteCollectionViewCell.swift in Sources */ = {isa = PBXBuildFile; fileRef = 3C55C5EB1F19130F004FED66 /* NoteCollectionViewCell.swift */; };
		3C6DA3361F26325500C935E1 /* ScaleCardItem.swift in Sources */ = {isa = PBXBuildFile; fileRef = 3C6DA3351F26325500C935E1 /* ScaleCardItem.swift */; };
		3CDA2ECA1F1E581E003519DD /* iTone Sounds in Resources */ = {isa = PBXBuildFile; fileRef = 3CDA2EC91F1E581E003519DD /* iTone Sounds */; };
		3CE1D13B1F1D7D6500A55D62 /* Constants.swift in Sources */ = {isa = PBXBuildFile; fileRef = 3CE1D13A1F1D7D6500A55D62 /* Constants.swift */; };
		3CF34DC01F16721900E5DF45 /* AppDelegate.swift in Sources */ = {isa = PBXBuildFile; fileRef = 3CF34DBF1F16721900E5DF45 /* AppDelegate.swift */; };
		3CF34DCA1F16721900E5DF45 /* Assets.xcassets in Resources */ = {isa = PBXBuildFile; fileRef = 3CF34DC91F16721900E5DF45 /* Assets.xcassets */; };
		3CF34DD91F16766400E5DF45 /* ViewController.swift in Sources */ = {isa = PBXBuildFile; fileRef = 3CF34DD81F16766400E5DF45 /* ViewController.swift */; };
		3CF34DDC1F16767D00E5DF45 /* iTone.xcdatamodeld in Sources */ = {isa = PBXBuildFile; fileRef = 3CF34DDA1F16767D00E5DF45 /* iTone.xcdatamodeld */; };
		3CF34DDF1F16768F00E5DF45 /* LaunchScreen.storyboard in Resources */ = {isa = PBXBuildFile; fileRef = 3CF34DDD1F16768F00E5DF45 /* LaunchScreen.storyboard */; };
		3CF34DE01F16768F00E5DF45 /* Main.storyboard in Resources */ = {isa = PBXBuildFile; fileRef = 3CF34DDE1F16768F00E5DF45 /* Main.storyboard */; };
		3CF7385B1F2288350050046D /* ScalesPracticeViewController.swift in Sources */ = {isa = PBXBuildFile; fileRef = 3CF7385A1F2288350050046D /* ScalesPracticeViewController.swift */; };
		3CF7385E1F2290790050046D /* ScaleCollectionViewCell.swift in Sources */ = {isa = PBXBuildFile; fileRef = 3CF7385C1F2290790050046D /* ScaleCollectionViewCell.swift */; };
		3CF7385F1F2290790050046D /* ScaleCollectionViewCell.xib in Resources */ = {isa = PBXBuildFile; fileRef = 3CF7385D1F2290790050046D /* ScaleCollectionViewCell.xib */; };
/* End PBXBuildFile section */

/* Begin PBXFileReference section */
		3C1D33191F1FF0210084493C /* CorrectAnswerViewController.swift */ = {isa = PBXFileReference; fileEncoding = 4; lastKnownFileType = sourcecode.swift; name = CorrectAnswerViewController.swift; path = Controllers/CorrectAnswerViewController.swift; sourceTree = "<group>"; };
		3C1D331B1F1FF0740084493C /* WrongAnswerViewController.swift */ = {isa = PBXFileReference; fileEncoding = 4; lastKnownFileType = sourcecode.swift; name = WrongAnswerViewController.swift; path = Controllers/WrongAnswerViewController.swift; sourceTree = "<group>"; };
		3C2071711F277E0C003A04AA /* ScalesPracticeViewController.storyboard */ = {isa = PBXFileReference; fileEncoding = 4; lastKnownFileType = file.storyboard; name = ScalesPracticeViewController.storyboard; path = Storyboards/ScalesPracticeViewController.storyboard; sourceTree = "<group>"; };
		3C21E7FF1F1C4FF400FF3164 /* NoteCardItem.swift */ = {isa = PBXFileReference; fileEncoding = 4; lastKnownFileType = sourcecode.swift; name = NoteCardItem.swift; path = Models/NoteCardItem.swift; sourceTree = "<group>"; };
		3C2957E21F1EA28D00D547B3 /* CountdownViewController.swift */ = {isa = PBXFileReference; fileEncoding = 4; lastKnownFileType = sourcecode.swift; name = CountdownViewController.swift; path = Controllers/CountdownViewController.swift; sourceTree = "<group>"; };
		3C2957E61F1EA82B00D547B3 /* Challenge.storyboard */ = {isa = PBXFileReference; fileEncoding = 4; lastKnownFileType = file.storyboard; name = Challenge.storyboard; path = Storyboards/Challenge.storyboard; sourceTree = "<group>"; };
		3C2B10281F26A59400D52CB0 /* a-flat.m4a */ = {isa = PBXFileReference; lastKnownFileType = file; path = "a-flat.m4a"; sourceTree = "<group>"; };
		3C2B10291F26A59400D52CB0 /* a.m4a */ = {isa = PBXFileReference; lastKnownFileType = file; path = a.m4a; sourceTree = "<group>"; };
		3C2B102A1F26A59400D52CB0 /* b-flat.m4a */ = {isa = PBXFileReference; lastKnownFileType = file; path = "b-flat.m4a"; sourceTree = "<group>"; };
		3C2B102B1F26A59400D52CB0 /* b.m4a */ = {isa = PBXFileReference; lastKnownFileType = file; path = b.m4a; sourceTree = "<group>"; };
		3C2B102C1F26A59400D52CB0 /* c-sharp.m4a */ = {isa = PBXFileReference; lastKnownFileType = file; path = "c-sharp.m4a"; sourceTree = "<group>"; };
		3C2B102D1F26A59400D52CB0 /* d.m4a */ = {isa = PBXFileReference; lastKnownFileType = file; path = d.m4a; sourceTree = "<group>"; };
		3C2B102E1F26A59400D52CB0 /* e-flat.m4a */ = {isa = PBXFileReference; lastKnownFileType = file; path = "e-flat.m4a"; sourceTree = "<group>"; };
		3C2B102F1F26A59400D52CB0 /* e.m4a */ = {isa = PBXFileReference; lastKnownFileType = file; path = e.m4a; sourceTree = "<group>"; };
		3C2B10301F26A59400D52CB0 /* f-sharp.m4a */ = {isa = PBXFileReference; lastKnownFileType = file; path = "f-sharp.m4a"; sourceTree = "<group>"; };
		3C2B10311F26A59400D52CB0 /* f.m4a */ = {isa = PBXFileReference; lastKnownFileType = file; path = f.m4a; sourceTree = "<group>"; };
		3C2B10321F26A59400D52CB0 /* g.m4a */ = {isa = PBXFileReference; lastKnownFileType = file; path = g.m4a; sourceTree = "<group>"; };
		3C2B10331F26A59400D52CB0 /* high-a-flat.m4a */ = {isa = PBXFileReference; lastKnownFileType = file; path = "high-a-flat.m4a"; sourceTree = "<group>"; };
		3C2B10341F26A59400D52CB0 /* high-a.m4a */ = {isa = PBXFileReference; lastKnownFileType = file; path = "high-a.m4a"; sourceTree = "<group>"; };
		3C2B10351F26A59400D52CB0 /* high-b-flat.m4a */ = {isa = PBXFileReference; lastKnownFileType = file; path = "high-b-flat.m4a"; sourceTree = "<group>"; };
		3C2B10361F26A59400D52CB0 /* high-b.m4a */ = {isa = PBXFileReference; lastKnownFileType = file; path = "high-b.m4a"; sourceTree = "<group>"; };
		3C2B10371F26A59400D52CB0 /* high-c-sharp.m4a */ = {isa = PBXFileReference; lastKnownFileType = file; path = "high-c-sharp.m4a"; sourceTree = "<group>"; };
		3C2B10381F26A59400D52CB0 /* high-c.m4a */ = {isa = PBXFileReference; lastKnownFileType = file; path = "high-c.m4a"; sourceTree = "<group>"; };
		3C2B10391F26A59400D52CB0 /* high-d.m4a */ = {isa = PBXFileReference; lastKnownFileType = file; path = "high-d.m4a"; sourceTree = "<group>"; };
		3C2B103A1F26A59400D52CB0 /* high-e-flat.m4a */ = {isa = PBXFileReference; lastKnownFileType = file; path = "high-e-flat.m4a"; sourceTree = "<group>"; };
		3C2B103B1F26A59400D52CB0 /* high-e.m4a */ = {isa = PBXFileReference; lastKnownFileType = file; path = "high-e.m4a"; sourceTree = "<group>"; };
		3C2B103C1F26A59400D52CB0 /* high-f-sharp.m4a */ = {isa = PBXFileReference; lastKnownFileType = file; path = "high-f-sharp.m4a"; sourceTree = "<group>"; };
		3C2B103D1F26A59400D52CB0 /* high-f.m4a */ = {isa = PBXFileReference; lastKnownFileType = file; path = "high-f.m4a"; sourceTree = "<group>"; };
		3C2B103E1F26A59400D52CB0 /* high-g.m4a */ = {isa = PBXFileReference; lastKnownFileType = file; path = "high-g.m4a"; sourceTree = "<group>"; };
		3C2B103F1F26A59400D52CB0 /* middle-c.m4a */ = {isa = PBXFileReference; lastKnownFileType = file; path = "middle-c.m4a"; sourceTree = "<group>"; };
		3C2B10401F26A59400D52CB0 /* short-a-flat.m4a */ = {isa = PBXFileReference; lastKnownFileType = file; path = "short-a-flat.m4a"; sourceTree = "<group>"; };
		3C2B10411F26A59400D52CB0 /* short-a.m4a */ = {isa = PBXFileReference; lastKnownFileType = file; path = "short-a.m4a"; sourceTree = "<group>"; };
		3C2B10421F26A59400D52CB0 /* short-b-flat.m4a */ = {isa = PBXFileReference; lastKnownFileType = file; path = "short-b-flat.m4a"; sourceTree = "<group>"; };
		3C2B10431F26A59400D52CB0 /* short-b.m4a */ = {isa = PBXFileReference; lastKnownFileType = file; path = "short-b.m4a"; sourceTree = "<group>"; };
		3C2B10441F26A59400D52CB0 /* short-c-sharp.m4a */ = {isa = PBXFileReference; lastKnownFileType = file; path = "short-c-sharp.m4a"; sourceTree = "<group>"; };
		3C2B10451F26A59400D52CB0 /* short-d.m4a */ = {isa = PBXFileReference; lastKnownFileType = file; path = "short-d.m4a"; sourceTree = "<group>"; };
		3C2B10461F26A59400D52CB0 /* short-e-flat.m4a */ = {isa = PBXFileReference; lastKnownFileType = file; path = "short-e-flat.m4a"; sourceTree = "<group>"; };
		3C2B10471F26A59400D52CB0 /* short-e.m4a */ = {isa = PBXFileReference; lastKnownFileType = file; path = "short-e.m4a"; sourceTree = "<group>"; };
		3C2B10481F26A59400D52CB0 /* short-f-sharp.m4a */ = {isa = PBXFileReference; lastKnownFileType = file; path = "short-f-sharp.m4a"; sourceTree = "<group>"; };
		3C2B10491F26A59400D52CB0 /* short-f.m4a */ = {isa = PBXFileReference; lastKnownFileType = file; path = "short-f.m4a"; sourceTree = "<group>"; };
		3C2B104A1F26A59400D52CB0 /* short-g.m4a */ = {isa = PBXFileReference; lastKnownFileType = file; path = "short-g.m4a"; sourceTree = "<group>"; };
		3C2B104B1F26A59400D52CB0 /* short-high-c.m4a */ = {isa = PBXFileReference; lastKnownFileType = file; path = "short-high-c.m4a"; sourceTree = "<group>"; };
		3C2B104C1F26A59400D52CB0 /* short-middle-c.m4a */ = {isa = PBXFileReference; lastKnownFileType = file; path = "short-middle-c.m4a"; sourceTree = "<group>"; };
		3C3AA2A11F1E64EF00EF7316 /* PlaySounds.storyboard */ = {isa = PBXFileReference; fileEncoding = 4; lastKnownFileType = file.storyboard; name = PlaySounds.storyboard; path = Storyboards/PlaySounds.storyboard; sourceTree = "<group>"; };
		3C3AA2A51F1E8D4B00EF7316 /* AnswerButtons.swift */ = {isa = PBXFileReference; fileEncoding = 4; lastKnownFileType = sourcecode.swift; name = AnswerButtons.swift; path = Models/AnswerButtons.swift; sourceTree = "<group>"; };
		3C3AA2A71F1E921A00EF7316 /* ChallengeViewController.swift */ = {isa = PBXFileReference; fileEncoding = 4; lastKnownFileType = sourcecode.swift; name = ChallengeViewController.swift; path = Controllers/ChallengeViewController.swift; sourceTree = "<group>"; };
		3C55C5E21F1908D4004FED66 /* CourseSelectionTableViewController.swift */ = {isa = PBXFileReference; fileEncoding = 4; lastKnownFileType = sourcecode.swift; name = CourseSelectionTableViewController.swift; path = Controllers/CourseSelectionTableViewController.swift; sourceTree = "<group>"; };
		3C55C5E41F1911C6004FED66 /* PlaySoundViewController.swift */ = {isa = PBXFileReference; fileEncoding = 4; lastKnownFileType = sourcecode.swift; name = PlaySoundViewController.swift; path = Controllers/PlaySoundViewController.swift; sourceTree = "<group>"; };
		3C55C5E91F1912F4004FED66 /* NoteCollectionViewCell.xib */ = {isa = PBXFileReference; fileEncoding = 4; lastKnownFileType = file.xib; name = NoteCollectionViewCell.xib; path = XIBS/NoteCollectionViewCell.xib; sourceTree = "<group>"; };
		3C55C5EB1F19130F004FED66 /* NoteCollectionViewCell.swift */ = {isa = PBXFileReference; fileEncoding = 4; lastKnownFileType = sourcecode.swift; name = NoteCollectionViewCell.swift; path = XIBS/NoteCollectionViewCell.swift; sourceTree = "<group>"; };
		3C6DA3351F26325500C935E1 /* ScaleCardItem.swift */ = {isa = PBXFileReference; fileEncoding = 4; lastKnownFileType = sourcecode.swift; name = ScaleCardItem.swift; path = Models/ScaleCardItem.swift; sourceTree = "<group>"; };
		3CDA2EC91F1E581E003519DD /* iTone Sounds */ = {isa = PBXFileReference; lastKnownFileType = folder; name = "iTone Sounds"; path = "../iTone Sounds"; sourceTree = "<group>"; };
		3CE1D13A1F1D7D6500A55D62 /* Constants.swift */ = {isa = PBXFileReference; fileEncoding = 4; lastKnownFileType = sourcecode.swift; name = Constants.swift; path = Supporting/Constants.swift; sourceTree = "<group>"; };
		3CF34DBC1F16721900E5DF45 /* iTone.app */ = {isa = PBXFileReference; explicitFileType = wrapper.application; includeInIndex = 0; path = iTone.app; sourceTree = BUILT_PRODUCTS_DIR; };
		3CF34DBF1F16721900E5DF45 /* AppDelegate.swift */ = {isa = PBXFileReference; lastKnownFileType = sourcecode.swift; path = AppDelegate.swift; sourceTree = "<group>"; };
		3CF34DC91F16721900E5DF45 /* Assets.xcassets */ = {isa = PBXFileReference; lastKnownFileType = folder.assetcatalog; path = Assets.xcassets; sourceTree = "<group>"; };
		3CF34DD61F16765C00E5DF45 /* Info.plist */ = {isa = PBXFileReference; fileEncoding = 4; lastKnownFileType = text.plist.xml; name = Info.plist; path = Supporting/Info.plist; sourceTree = "<group>"; };
		3CF34DD81F16766400E5DF45 /* ViewController.swift */ = {isa = PBXFileReference; fileEncoding = 4; lastKnownFileType = sourcecode.swift; name = ViewController.swift; path = Controllers/ViewController.swift; sourceTree = "<group>"; };
		3CF34DDB1F16767D00E5DF45 /* iTone.xcdatamodel */ = {isa = PBXFileReference; lastKnownFileType = wrapper.xcdatamodel; path = iTone.xcdatamodel; sourceTree = "<group>"; };
		3CF34DDD1F16768F00E5DF45 /* LaunchScreen.storyboard */ = {isa = PBXFileReference; fileEncoding = 4; lastKnownFileType = file.storyboard; name = LaunchScreen.storyboard; path = Storyboards/LaunchScreen.storyboard; sourceTree = "<group>"; };
		3CF34DDE1F16768F00E5DF45 /* Main.storyboard */ = {isa = PBXFileReference; fileEncoding = 4; lastKnownFileType = file.storyboard; name = Main.storyboard; path = Storyboards/Main.storyboard; sourceTree = "<group>"; };
		3CF7385A1F2288350050046D /* ScalesPracticeViewController.swift */ = {isa = PBXFileReference; fileEncoding = 4; lastKnownFileType = sourcecode.swift; name = ScalesPracticeViewController.swift; path = Controllers/ScalesPracticeViewController.swift; sourceTree = "<group>"; };
		3CF7385C1F2290790050046D /* ScaleCollectionViewCell.swift */ = {isa = PBXFileReference; fileEncoding = 4; lastKnownFileType = sourcecode.swift; name = ScaleCollectionViewCell.swift; path = XIBS/ScaleCollectionViewCell.swift; sourceTree = "<group>"; };
		3CF7385D1F2290790050046D /* ScaleCollectionViewCell.xib */ = {isa = PBXFileReference; fileEncoding = 4; lastKnownFileType = file.xib; name = ScaleCollectionViewCell.xib; path = XIBS/ScaleCollectionViewCell.xib; sourceTree = "<group>"; };
/* End PBXFileReference section */

/* Begin PBXFrameworksBuildPhase section */
		3CF34DB91F16721900E5DF45 /* Frameworks */ = {
			isa = PBXFrameworksBuildPhase;
			buildActionMask = 2147483647;
			files = (
			);
			runOnlyForDeploymentPostprocessing = 0;
		};
/* End PBXFrameworksBuildPhase section */

/* Begin PBXGroup section */
		3C0C13251F17B24700EBFAB4 /* Views */ = {
			isa = PBXGroup;
			children = (
			);
			name = Views;
			sourceTree = "<group>";
		};
		3C2B10271F26A59400D52CB0 /* iTone Sounds */ = {
			isa = PBXGroup;
			children = (
				3C2B10281F26A59400D52CB0 /* a-flat.m4a */,
				3C2B10291F26A59400D52CB0 /* a.m4a */,
				3C2B102A1F26A59400D52CB0 /* b-flat.m4a */,
				3C2B102B1F26A59400D52CB0 /* b.m4a */,
				3C2B102C1F26A59400D52CB0 /* c-sharp.m4a */,
				3C2B102D1F26A59400D52CB0 /* d.m4a */,
				3C2B102E1F26A59400D52CB0 /* e-flat.m4a */,
				3C2B102F1F26A59400D52CB0 /* e.m4a */,
				3C2B10301F26A59400D52CB0 /* f-sharp.m4a */,
				3C2B10311F26A59400D52CB0 /* f.m4a */,
				3C2B10321F26A59400D52CB0 /* g.m4a */,
				3C2B10331F26A59400D52CB0 /* high-a-flat.m4a */,
				3C2B10341F26A59400D52CB0 /* high-a.m4a */,
				3C2B10351F26A59400D52CB0 /* high-b-flat.m4a */,
				3C2B10361F26A59400D52CB0 /* high-b.m4a */,
				3C2B10371F26A59400D52CB0 /* high-c-sharp.m4a */,
				3C2B10381F26A59400D52CB0 /* high-c.m4a */,
				3C2B10391F26A59400D52CB0 /* high-d.m4a */,
				3C2B103A1F26A59400D52CB0 /* high-e-flat.m4a */,
				3C2B103B1F26A59400D52CB0 /* high-e.m4a */,
				3C2B103C1F26A59400D52CB0 /* high-f-sharp.m4a */,
				3C2B103D1F26A59400D52CB0 /* high-f.m4a */,
				3C2B103E1F26A59400D52CB0 /* high-g.m4a */,
				3C2B103F1F26A59400D52CB0 /* middle-c.m4a */,
				3C2B10401F26A59400D52CB0 /* short-a-flat.m4a */,
				3C2B10411F26A59400D52CB0 /* short-a.m4a */,
				3C2B10421F26A59400D52CB0 /* short-b-flat.m4a */,
				3C2B10431F26A59400D52CB0 /* short-b.m4a */,
				3C2B10441F26A59400D52CB0 /* short-c-sharp.m4a */,
				3C2B10451F26A59400D52CB0 /* short-d.m4a */,
				3C2B10461F26A59400D52CB0 /* short-e-flat.m4a */,
				3C2B10471F26A59400D52CB0 /* short-e.m4a */,
				3C2B10481F26A59400D52CB0 /* short-f-sharp.m4a */,
				3C2B10491F26A59400D52CB0 /* short-f.m4a */,
				3C2B104A1F26A59400D52CB0 /* short-g.m4a */,
				3C2B104B1F26A59400D52CB0 /* short-high-c.m4a */,
				3C2B104C1F26A59400D52CB0 /* short-middle-c.m4a */,
			);
			path = "iTone Sounds";
			sourceTree = "<group>";
		};
		3C55C5E61F191247004FED66 /* XIBS */ = {
			isa = PBXGroup;
			children = (
				3C55C5E91F1912F4004FED66 /* NoteCollectionViewCell.xib */,
				3C55C5EB1F19130F004FED66 /* NoteCollectionViewCell.swift */,
				3CF7385C1F2290790050046D /* ScaleCollectionViewCell.swift */,
				3CF7385D1F2290790050046D /* ScaleCollectionViewCell.xib */,
			);
			name = XIBS;
			sourceTree = "<group>";
		};
		3CF34DB31F16721800E5DF45 = {
			isa = PBXGroup;
			children = (
				3CF34DBE1F16721900E5DF45 /* iTone */,
				3CF34DBD1F16721900E5DF45 /* Products */,
				3CDA2EC91F1E581E003519DD /* iTone Sounds */,
			);
			sourceTree = "<group>";
		};
		3CF34DBD1F16721900E5DF45 /* Products */ = {
			isa = PBXGroup;
			children = (
				3CF34DBC1F16721900E5DF45 /* iTone.app */,
			);
			name = Products;
			sourceTree = "<group>";
		};
		3CF34DBE1F16721900E5DF45 /* iTone */ = {
			isa = PBXGroup;
			children = (
				3C2B10271F26A59400D52CB0 /* iTone Sounds */,
				3C0C13251F17B24700EBFAB4 /* Views */,
				3CF34DE11F1676A600E5DF45 /* Storyboards */,
				3CF34DE31F16770400E5DF45 /* Models */,
				3CF34DE41F16770C00E5DF45 /* View Controllers */,
				3CF34DE21F1676EE00E5DF45 /* Supporting Files */,
				3C55C5E61F191247004FED66 /* XIBS */,
				3CF34DBF1F16721900E5DF45 /* AppDelegate.swift */,
				3CF34DC91F16721900E5DF45 /* Assets.xcassets */,
			);
			path = iTone;
			sourceTree = "<group>";
		};
		3CF34DE11F1676A600E5DF45 /* Storyboards */ = {
			isa = PBXGroup;
			children = (
				3C2957E61F1EA82B00D547B3 /* Challenge.storyboard */,
				3CF34DDE1F16768F00E5DF45 /* Main.storyboard */,
				3C2071711F277E0C003A04AA /* ScalesPracticeViewController.storyboard */,
				3C3AA2A11F1E64EF00EF7316 /* PlaySounds.storyboard */,
			);
			name = Storyboards;
			sourceTree = "<group>";
		};
		3CF34DE21F1676EE00E5DF45 /* Supporting Files */ = {
			isa = PBXGroup;
			children = (
				3CF34DDD1F16768F00E5DF45 /* LaunchScreen.storyboard */,
				3CF34DD61F16765C00E5DF45 /* Info.plist */,
				3CE1D13A1F1D7D6500A55D62 /* Constants.swift */,
			);
			name = "Supporting Files";
			sourceTree = "<group>";
		};
		3CF34DE31F16770400E5DF45 /* Models */ = {
			isa = PBXGroup;
			children = (
				3CF34DDA1F16767D00E5DF45 /* iTone.xcdatamodeld */,
				3C21E7FF1F1C4FF400FF3164 /* NoteCardItem.swift */,
				3C3AA2A51F1E8D4B00EF7316 /* AnswerButtons.swift */,
				3C6DA3351F26325500C935E1 /* ScaleCardItem.swift */,
			);
			name = Models;
			sourceTree = "<group>";
		};
		3CF34DE41F16770C00E5DF45 /* View Controllers */ = {
			isa = PBXGroup;
			children = (
				3C2957E21F1EA28D00D547B3 /* CountdownViewController.swift */,
				3CF34DD81F16766400E5DF45 /* ViewController.swift */,
				3C55C5E21F1908D4004FED66 /* CourseSelectionTableViewController.swift */,
				3C3AA2A71F1E921A00EF7316 /* ChallengeViewController.swift */,
				3C1D33191F1FF0210084493C /* CorrectAnswerViewController.swift */,
				3C1D331B1F1FF0740084493C /* WrongAnswerViewController.swift */,
				3C55C5E41F1911C6004FED66 /* PlaySoundViewController.swift */,
				3CF7385A1F2288350050046D /* ScalesPracticeViewController.swift */,
			);
			name = "View Controllers";
			sourceTree = "<group>";
		};
/* End PBXGroup section */

/* Begin PBXNativeTarget section */
		3CF34DBB1F16721900E5DF45 /* iTone */ = {
			isa = PBXNativeTarget;
			buildConfigurationList = 3CF34DD11F16721900E5DF45 /* Build configuration list for PBXNativeTarget "iTone" */;
			buildPhases = (
				3CF34DB81F16721900E5DF45 /* Sources */,
				3CF34DB91F16721900E5DF45 /* Frameworks */,
				3CF34DBA1F16721900E5DF45 /* Resources */,
			);
			buildRules = (
			);
			dependencies = (
			);
			name = iTone;
			productName = iTone;
			productReference = 3CF34DBC1F16721900E5DF45 /* iTone.app */;
			productType = "com.apple.product-type.application";
		};
/* End PBXNativeTarget section */

/* Begin PBXProject section */
		3CF34DB41F16721800E5DF45 /* Project object */ = {
			isa = PBXProject;
			attributes = {
				LastSwiftUpdateCheck = 0830;
				LastUpgradeCheck = 0830;
				ORGANIZATIONNAME = "Jerry Lu";
				TargetAttributes = {
					3CF34DBB1F16721900E5DF45 = {
						CreatedOnToolsVersion = 8.3.3;
						DevelopmentTeam = 8G29LSUMV2;
						ProvisioningStyle = Automatic;
					};
				};
			};
			buildConfigurationList = 3CF34DB71F16721800E5DF45 /* Build configuration list for PBXProject "iTone" */;
			compatibilityVersion = "Xcode 3.2";
			developmentRegion = English;
			hasScannedForEncodings = 0;
			knownRegions = (
				en,
				Base,
			);
			mainGroup = 3CF34DB31F16721800E5DF45;
			productRefGroup = 3CF34DBD1F16721900E5DF45 /* Products */;
			projectDirPath = "";
			projectRoot = "";
			targets = (
				3CF34DBB1F16721900E5DF45 /* iTone */,
			);
		};
/* End PBXProject section */

/* Begin PBXResourcesBuildPhase section */
		3CF34DBA1F16721900E5DF45 /* Resources */ = {
			isa = PBXResourcesBuildPhase;
			buildActionMask = 2147483647;
			files = (
				3C2B10601F26A59400D52CB0 /* high-e.m4a in Resources */,
				3C2B10711F26A59400D52CB0 /* short-middle-c.m4a in Resources */,
				3C2B10631F26A59400D52CB0 /* high-g.m4a in Resources */,
				3C2B106E1F26A59400D52CB0 /* short-f.m4a in Resources */,
				3C2B106D1F26A59400D52CB0 /* short-f-sharp.m4a in Resources */,
				3C2B104D1F26A59400D52CB0 /* a-flat.m4a in Resources */,
				3C2B104F1F26A59400D52CB0 /* b-flat.m4a in Resources */,
				3C2B105D1F26A59400D52CB0 /* high-c.m4a in Resources */,
				3C55C5EA1F1912F4004FED66 /* NoteCollectionViewCell.xib in Resources */,
				3C2B10551F26A59400D52CB0 /* f-sharp.m4a in Resources */,
				3C2B10501F26A59400D52CB0 /* b.m4a in Resources */,
				3C2B10611F26A59400D52CB0 /* high-f-sharp.m4a in Resources */,
				3CF34DDF1F16768F00E5DF45 /* LaunchScreen.storyboard in Resources */,
				3C2B105E1F26A59400D52CB0 /* high-d.m4a in Resources */,
				3C2B105F1F26A59400D52CB0 /* high-e-flat.m4a in Resources */,
				3C2B106F1F26A59400D52CB0 /* short-g.m4a in Resources */,
				3C2B106A1F26A59400D52CB0 /* short-d.m4a in Resources */,
				3C2B106B1F26A59400D52CB0 /* short-e-flat.m4a in Resources */,
				3C2B10701F26A59400D52CB0 /* short-high-c.m4a in Resources */,
				3C2B10571F26A59400D52CB0 /* g.m4a in Resources */,
				3C2B10521F26A59400D52CB0 /* d.m4a in Resources */,
				3C2071721F277E0C003A04AA /* ScalesPracticeViewController.storyboard in Resources */,
				3C2B10681F26A59400D52CB0 /* short-b.m4a in Resources */,
				3CF34DCA1F16721900E5DF45 /* Assets.xcassets in Resources */,
				3C2B10581F26A59400D52CB0 /* high-a-flat.m4a in Resources */,
				3C2957E71F1EA82B00D547B3 /* Challenge.storyboard in Resources */,
				3C2B105C1F26A59400D52CB0 /* high-c-sharp.m4a in Resources */,
				3C2B10591F26A59400D52CB0 /* high-a.m4a in Resources */,
				3C2B10561F26A59400D52CB0 /* f.m4a in Resources */,
				3CDA2ECA1F1E581E003519DD /* iTone Sounds in Resources */,
				3C2B10531F26A59400D52CB0 /* e-flat.m4a in Resources */,
				3C2B10541F26A59400D52CB0 /* e.m4a in Resources */,
				3C2B105A1F26A59400D52CB0 /* high-b-flat.m4a in Resources */,
				3C2B104E1F26A59400D52CB0 /* a.m4a in Resources */,
				3C3AA2A21F1E64EF00EF7316 /* PlaySounds.storyboard in Resources */,
				3C2B106C1F26A59400D52CB0 /* short-e.m4a in Resources */,
				3C2B10651F26A59400D52CB0 /* short-a-flat.m4a in Resources */,
				3C2B10661F26A59400D52CB0 /* short-a.m4a in Resources */,
				3C2B10691F26A59400D52CB0 /* short-c-sharp.m4a in Resources */,
				3C2B10671F26A59400D52CB0 /* short-b-flat.m4a in Resources */,
				3C2B10511F26A59400D52CB0 /* c-sharp.m4a in Resources */,
				3C2B10641F26A59400D52CB0 /* middle-c.m4a in Resources */,
				3CF7385F1F2290790050046D /* ScaleCollectionViewCell.xib in Resources */,
				3C2B10621F26A59400D52CB0 /* high-f.m4a in Resources */,
				3C2B105B1F26A59400D52CB0 /* high-b.m4a in Resources */,
				3CF34DE01F16768F00E5DF45 /* Main.storyboard in Resources */,
			);
			runOnlyForDeploymentPostprocessing = 0;
		};
/* End PBXResourcesBuildPhase section */

/* Begin PBXSourcesBuildPhase section */
		3CF34DB81F16721900E5DF45 /* Sources */ = {
			isa = PBXSourcesBuildPhase;
			buildActionMask = 2147483647;
			files = (
				3C55C5EC1F19130F004FED66 /* NoteCollectionViewCell.swift in Sources */,
				3C2957E31F1EA28D00D547B3 /* CountdownViewController.swift in Sources */,
				3C1D331C1F1FF0740084493C /* WrongAnswerViewController.swift in Sources */,
				3C3AA2A61F1E8D4B00EF7316 /* AnswerButtons.swift in Sources */,
				3CF34DD91F16766400E5DF45 /* ViewController.swift in Sources */,
				3C55C5E51F1911C6004FED66 /* PlaySoundViewController.swift in Sources */,
				3C21E8001F1C4FF400FF3164 /* NoteCardItem.swift in Sources */,
				3C55C5E31F1908D4004FED66 /* CourseSelectionTableViewController.swift in Sources */,
				3C3AA2A81F1E921A00EF7316 /* ChallengeViewController.swift in Sources */,
				3CF34DC01F16721900E5DF45 /* AppDelegate.swift in Sources */,
				3CF34DDC1F16767D00E5DF45 /* iTone.xcdatamodeld in Sources */,
				3CE1D13B1F1D7D6500A55D62 /* Constants.swift in Sources */,
				3CF7385B1F2288350050046D /* ScalesPracticeViewController.swift in Sources */,
				3CF7385E1F2290790050046D /* ScaleCollectionViewCell.swift in Sources */,
				3C1D331A1F1FF0210084493C /* CorrectAnswerViewController.swift in Sources */,
				3C6DA3361F26325500C935E1 /* ScaleCardItem.swift in Sources */,
			);
			runOnlyForDeploymentPostprocessing = 0;
		};
/* End PBXSourcesBuildPhase section */

/* Begin XCBuildConfiguration section */
		3CF34DCF1F16721900E5DF45 /* Debug */ = {
			isa = XCBuildConfiguration;
			buildSettings = {
				ALWAYS_SEARCH_USER_PATHS = NO;
				CLANG_ANALYZER_NONNULL = YES;
				CLANG_ANALYZER_NUMBER_OBJECT_CONVERSION = YES_AGGRESSIVE;
				CLANG_CXX_LANGUAGE_STANDARD = "gnu++0x";
				CLANG_CXX_LIBRARY = "libc++";
				CLANG_ENABLE_MODULES = YES;
				CLANG_ENABLE_OBJC_ARC = YES;
				CLANG_WARN_BOOL_CONVERSION = YES;
				CLANG_WARN_CONSTANT_CONVERSION = YES;
				CLANG_WARN_DIRECT_OBJC_ISA_USAGE = YES_ERROR;
				CLANG_WARN_DOCUMENTATION_COMMENTS = YES;
				CLANG_WARN_EMPTY_BODY = YES;
				CLANG_WARN_ENUM_CONVERSION = YES;
				CLANG_WARN_INFINITE_RECURSION = YES;
				CLANG_WARN_INT_CONVERSION = YES;
				CLANG_WARN_OBJC_ROOT_CLASS = YES_ERROR;
				CLANG_WARN_SUSPICIOUS_MOVE = YES;
				CLANG_WARN_UNREACHABLE_CODE = YES;
				CLANG_WARN__DUPLICATE_METHOD_MATCH = YES;
				"CODE_SIGN_IDENTITY[sdk=iphoneos*]" = "iPhone Developer";
				COPY_PHASE_STRIP = NO;
				DEBUG_INFORMATION_FORMAT = dwarf;
				ENABLE_STRICT_OBJC_MSGSEND = YES;
				ENABLE_TESTABILITY = YES;
				GCC_C_LANGUAGE_STANDARD = gnu99;
				GCC_DYNAMIC_NO_PIC = NO;
				GCC_NO_COMMON_BLOCKS = YES;
				GCC_OPTIMIZATION_LEVEL = 0;
				GCC_PREPROCESSOR_DEFINITIONS = (
					"DEBUG=1",
					"$(inherited)",
				);
				GCC_WARN_64_TO_32_BIT_CONVERSION = YES;
				GCC_WARN_ABOUT_RETURN_TYPE = YES_ERROR;
				GCC_WARN_UNDECLARED_SELECTOR = YES;
				GCC_WARN_UNINITIALIZED_AUTOS = YES_AGGRESSIVE;
				GCC_WARN_UNUSED_FUNCTION = YES;
				GCC_WARN_UNUSED_VARIABLE = YES;
				IPHONEOS_DEPLOYMENT_TARGET = 10.3;
				MTL_ENABLE_DEBUG_INFO = YES;
				ONLY_ACTIVE_ARCH = YES;
				SDKROOT = iphoneos;
				SWIFT_ACTIVE_COMPILATION_CONDITIONS = DEBUG;
				SWIFT_OPTIMIZATION_LEVEL = "-Onone";
			};
			name = Debug;
		};
		3CF34DD01F16721900E5DF45 /* Release */ = {
			isa = XCBuildConfiguration;
			buildSettings = {
				ALWAYS_SEARCH_USER_PATHS = NO;
				CLANG_ANALYZER_NONNULL = YES;
				CLANG_ANALYZER_NUMBER_OBJECT_CONVERSION = YES_AGGRESSIVE;
				CLANG_CXX_LANGUAGE_STANDARD = "gnu++0x";
				CLANG_CXX_LIBRARY = "libc++";
				CLANG_ENABLE_MODULES = YES;
				CLANG_ENABLE_OBJC_ARC = YES;
				CLANG_WARN_BOOL_CONVERSION = YES;
				CLANG_WARN_CONSTANT_CONVERSION = YES;
				CLANG_WARN_DIRECT_OBJC_ISA_USAGE = YES_ERROR;
				CLANG_WARN_DOCUMENTATION_COMMENTS = YES;
				CLANG_WARN_EMPTY_BODY = YES;
				CLANG_WARN_ENUM_CONVERSION = YES;
				CLANG_WARN_INFINITE_RECURSION = YES;
				CLANG_WARN_INT_CONVERSION = YES;
				CLANG_WARN_OBJC_ROOT_CLASS = YES_ERROR;
				CLANG_WARN_SUSPICIOUS_MOVE = YES;
				CLANG_WARN_UNREACHABLE_CODE = YES;
				CLANG_WARN__DUPLICATE_METHOD_MATCH = YES;
				"CODE_SIGN_IDENTITY[sdk=iphoneos*]" = "iPhone Developer";
				COPY_PHASE_STRIP = NO;
				DEBUG_INFORMATION_FORMAT = "dwarf-with-dsym";
				ENABLE_NS_ASSERTIONS = NO;
				ENABLE_STRICT_OBJC_MSGSEND = YES;
				GCC_C_LANGUAGE_STANDARD = gnu99;
				GCC_NO_COMMON_BLOCKS = YES;
				GCC_WARN_64_TO_32_BIT_CONVERSION = YES;
				GCC_WARN_ABOUT_RETURN_TYPE = YES_ERROR;
				GCC_WARN_UNDECLARED_SELECTOR = YES;
				GCC_WARN_UNINITIALIZED_AUTOS = YES_AGGRESSIVE;
				GCC_WARN_UNUSED_FUNCTION = YES;
				GCC_WARN_UNUSED_VARIABLE = YES;
				IPHONEOS_DEPLOYMENT_TARGET = 10.3;
				MTL_ENABLE_DEBUG_INFO = NO;
				SDKROOT = iphoneos;
				SWIFT_OPTIMIZATION_LEVEL = "-Owholemodule";
				VALIDATE_PRODUCT = YES;
			};
			name = Release;
		};
		3CF34DD21F16721900E5DF45 /* Debug */ = {
			isa = XCBuildConfiguration;
			buildSettings = {
				ASSETCATALOG_COMPILER_APPICON_NAME = AppIcon;
				DEVELOPMENT_TEAM = 8G29LSUMV2;
				INFOPLIST_FILE = "$(SRCROOT)/iTone/Supporting/Info.plist";
				LD_RUNPATH_SEARCH_PATHS = "$(inherited) @executable_path/Frameworks";
				PRODUCT_BUNDLE_IDENTIFIER = com.jerrylu.iTone;
				PRODUCT_NAME = "$(TARGET_NAME)";
				SWIFT_VERSION = 3.0;
			};
			name = Debug;
		};
		3CF34DD31F16721900E5DF45 /* Release */ = {
			isa = XCBuildConfiguration;
			buildSettings = {
				ASSETCATALOG_COMPILER_APPICON_NAME = AppIcon;
				DEVELOPMENT_TEAM = 8G29LSUMV2;
				INFOPLIST_FILE = "$(SRCROOT)/iTone/Supporting/Info.plist";
				LD_RUNPATH_SEARCH_PATHS = "$(inherited) @executable_path/Frameworks";
				PRODUCT_BUNDLE_IDENTIFIER = com.jerrylu.iTone;
				PRODUCT_NAME = "$(TARGET_NAME)";
				SWIFT_VERSION = 3.0;
			};
			name = Release;
		};
/* End XCBuildConfiguration section */

/* Begin XCConfigurationList section */
		3CF34DB71F16721800E5DF45 /* Build configuration list for PBXProject "iTone" */ = {
			isa = XCConfigurationList;
			buildConfigurations = (
				3CF34DCF1F16721900E5DF45 /* Debug */,
				3CF34DD01F16721900E5DF45 /* Release */,
			);
			defaultConfigurationIsVisible = 0;
			defaultConfigurationName = Release;
		};
		3CF34DD11F16721900E5DF45 /* Build configuration list for PBXNativeTarget "iTone" */ = {
			isa = XCConfigurationList;
			buildConfigurations = (
				3CF34DD21F16721900E5DF45 /* Debug */,
				3CF34DD31F16721900E5DF45 /* Release */,
			);
			defaultConfigurationIsVisible = 0;
			defaultConfigurationName = Release;
		};
/* End XCConfigurationList section */

/* Begin XCVersionGroup section */
		3CF34DDA1F16767D00E5DF45 /* iTone.xcdatamodeld */ = {
			isa = XCVersionGroup;
			children = (
				3CF34DDB1F16767D00E5DF45 /* iTone.xcdatamodel */,
			);
			currentVersion = 3CF34DDB1F16767D00E5DF45 /* iTone.xcdatamodel */;
			name = iTone.xcdatamodeld;
			path = Models/iTone.xcdatamodeld;
			sourceTree = "<group>";
			versionGroupType = wrapper.xcdatamodel;
		};
/* End XCVersionGroup section */
	};
	rootObject = 3CF34DB41F16721800E5DF45 /* Project object */;
}
